
Microsoft Visual Studio Solution File, Format Version 12.00
# Visual Studio 15
VisualStudioVersion = 15.0.27004.2009
MinimumVisualStudioVersion = 10.0.40219.1
Project("{2150E333-8FDC-42A3-9474-1A3956D46DE8}") = "Shared", "Shared", "{57DE8FEE-0E06-4258-8F96-5C71B23AAB3F}"
EndProject
Project("{9A19103F-16F7-4668-BE54-9A1E7A4F7556}") = "SABISCollaborate.Shared", "SABISCollaborate.SharedKernel\SABISCollaborate.Shared.csproj", "{4184BA05-C013-4206-B4E8-A52A6FFF4C9B}"
EndProject
Project("{2150E333-8FDC-42A3-9474-1A3956D46DE8}") = "System", "System", "{7720C2BF-3571-43BA-A23D-9263A4D04B3E}"
EndProject
Project("{9A19103F-16F7-4668-BE54-9A1E7A4F7556}") = "SABISCollaborate.System.Core", "SABISCollaborate.SystemManagement.Core\SABISCollaborate.System.Core.csproj", "{E28293E9-D488-402C-97F6-1371883D9D99}"
EndProject
Project("{9A19103F-16F7-4668-BE54-9A1E7A4F7556}") = "SABISCollaborate.System.Data", "SABISCollaborate.SystemManagement.Data\SABISCollaborate.System.Data.csproj", "{6FD0BCAF-C9E2-4DF4-AFDC-7A5777DE826E}"
EndProject
Project("{2150E333-8FDC-42A3-9474-1A3956D46DE8}") = "Users", "Users", "{637A23E3-9701-408B-B3D8-0CDB3189B690}"
EndProject
Project("{9A19103F-16F7-4668-BE54-9A1E7A4F7556}") = "SABISCollaborate.Users.Core", "SABISCollaborate.Profile.Core\SABISCollaborate.Users.Core.csproj", "{F5197EA1-851C-4A90-A003-0554D1D9210F}"
EndProject
Project("{9A19103F-16F7-4668-BE54-9A1E7A4F7556}") = "SABISCollaborate.Users.Infrastructure", "SABISCollaborate.Profile.Data\SABISCollaborate.Users.Infrastructure.csproj", "{B76B5C2B-096F-4606-8A90-E497F01A2A90}"
EndProject
Project("{9A19103F-16F7-4668-BE54-9A1E7A4F7556}") = "SABISCollaborate.System.IntegrationTests", "SABISCollaborate.System.IntegrationTests\SABISCollaborate.System.IntegrationTests.csproj", "{7CE0B08C-F34A-4389-9A16-349F513EC44D}"
EndProject
Project("{9A19103F-16F7-4668-BE54-9A1E7A4F7556}") = "SABISCollaborate.Shared.Infrastructure", "SABISCollaborate.SharedKernel.Data\SABISCollaborate.Shared.Infrastructure.csproj", "{5A77289D-EF57-49DF-9679-6D79B8272F81}"
EndProject
Project("{9A19103F-16F7-4668-BE54-9A1E7A4F7556}") = "SABISCollaborate.API", "SABISCollaborate.API\SABISCollaborate.API.csproj", "{798B223D-A88E-4833-8C62-757B8325483C}"
EndProject
Project("{2150E333-8FDC-42A3-9474-1A3956D46DE8}") = "Chat", "Chat", "{4F9E5128-10CB-44FF-A9D8-470D6738BDB6}"
EndProject
Project("{9A19103F-16F7-4668-BE54-9A1E7A4F7556}") = "SABISCollaborate.Chat.Core", "SABISCollaborate.Chat\SABISCollaborate.Chat.Core.csproj", "{DD50E136-E40B-45BF-892C-24F3408E568F}"
EndProject
Project("{9A19103F-16F7-4668-BE54-9A1E7A4F7556}") = "SABISCollaborate.Chat.Data", "SABISCollaborate.Chat.Data\SABISCollaborate.Chat.Data.csproj", "{EFCA6CDC-FCE3-4DBC-92AF-8DAD1FF69C05}"
EndProject
Project("{9A19103F-16F7-4668-BE54-9A1E7A4F7556}") = "SABISCollaborate.Identity", "SABISCollaborate.Identity\SABISCollaborate.Identity.csproj", "{3ED868D2-CBBC-4F1B-BBEA-12C5D460BF8E}"
EndProject
Project("{FAE04EC0-301F-11D3-BF4B-00C04F79EFBC}") = "SABISCollaborate.Users.API", "SABISCollaborate.Users.API\SABISCollaborate.Users.API.csproj", "{203C3756-ACDC-4A7E-81B0-837A6F674466}"
EndProject
Global
	GlobalSection(SolutionConfigurationPlatforms) = preSolution
		Debug|Any CPU = Debug|Any CPU
		Release|Any CPU = Release|Any CPU
	EndGlobalSection
	GlobalSection(ProjectConfigurationPlatforms) = postSolution
		{4184BA05-C013-4206-B4E8-A52A6FFF4C9B}.Debug|Any CPU.ActiveCfg = Debug|Any CPU
		{4184BA05-C013-4206-B4E8-A52A6FFF4C9B}.Debug|Any CPU.Build.0 = Debug|Any CPU
		{4184BA05-C013-4206-B4E8-A52A6FFF4C9B}.Release|Any CPU.ActiveCfg = Release|Any CPU
		{4184BA05-C013-4206-B4E8-A52A6FFF4C9B}.Release|Any CPU.Build.0 = Release|Any CPU
		{E28293E9-D488-402C-97F6-1371883D9D99}.Debug|Any CPU.ActiveCfg = Debug|Any CPU
		{E28293E9-D488-402C-97F6-1371883D9D99}.Debug|Any CPU.Build.0 = Debug|Any CPU
		{E28293E9-D488-402C-97F6-1371883D9D99}.Release|Any CPU.ActiveCfg = Release|Any CPU
		{E28293E9-D488-402C-97F6-1371883D9D99}.Release|Any CPU.Build.0 = Release|Any CPU
		{6FD0BCAF-C9E2-4DF4-AFDC-7A5777DE826E}.Debug|Any CPU.ActiveCfg = Debug|Any CPU
		{6FD0BCAF-C9E2-4DF4-AFDC-7A5777DE826E}.Debug|Any CPU.Build.0 = Debug|Any CPU
		{6FD0BCAF-C9E2-4DF4-AFDC-7A5777DE826E}.Release|Any CPU.ActiveCfg = Release|Any CPU
		{6FD0BCAF-C9E2-4DF4-AFDC-7A5777DE826E}.Release|Any CPU.Build.0 = Release|Any CPU
		{F5197EA1-851C-4A90-A003-0554D1D9210F}.Debug|Any CPU.ActiveCfg = Debug|Any CPU
		{F5197EA1-851C-4A90-A003-0554D1D9210F}.Debug|Any CPU.Build.0 = Debug|Any CPU
		{F5197EA1-851C-4A90-A003-0554D1D9210F}.Release|Any CPU.ActiveCfg = Release|Any CPU
		{F5197EA1-851C-4A90-A003-0554D1D9210F}.Release|Any CPU.Build.0 = Release|Any CPU
		{B76B5C2B-096F-4606-8A90-E497F01A2A90}.Debug|Any CPU.ActiveCfg = Debug|Any CPU
		{B76B5C2B-096F-4606-8A90-E497F01A2A90}.Debug|Any CPU.Build.0 = Debug|Any CPU
		{B76B5C2B-096F-4606-8A90-E497F01A2A90}.Release|Any CPU.ActiveCfg = Release|Any CPU
		{B76B5C2B-096F-4606-8A90-E497F01A2A90}.Release|Any CPU.Build.0 = Release|Any CPU
		{7CE0B08C-F34A-4389-9A16-349F513EC44D}.Debug|Any CPU.ActiveCfg = Debug|Any CPU
		{7CE0B08C-F34A-4389-9A16-349F513EC44D}.Debug|Any CPU.Build.0 = Debug|Any CPU
		{7CE0B08C-F34A-4389-9A16-349F513EC44D}.Release|Any CPU.ActiveCfg = Release|Any CPU
		{7CE0B08C-F34A-4389-9A16-349F513EC44D}.Release|Any CPU.Build.0 = Release|Any CPU
		{5A77289D-EF57-49DF-9679-6D79B8272F81}.Debug|Any CPU.ActiveCfg = Debug|Any CPU
		{5A77289D-EF57-49DF-9679-6D79B8272F81}.Debug|Any CPU.Build.0 = Debug|Any CPU
		{5A77289D-EF57-49DF-9679-6D79B8272F81}.Release|Any CPU.ActiveCfg = Release|Any CPU
		{5A77289D-EF57-49DF-9679-6D79B8272F81}.Release|Any CPU.Build.0 = Release|Any CPU
		{798B223D-A88E-4833-8C62-757B8325483C}.Debug|Any CPU.ActiveCfg = Debug|Any CPU
		{798B223D-A88E-4833-8C62-757B8325483C}.Debug|Any CPU.Build.0 = Debug|Any CPU
		{798B223D-A88E-4833-8C62-757B8325483C}.Release|Any CPU.ActiveCfg = Release|Any CPU
		{798B223D-A88E-4833-8C62-757B8325483C}.Release|Any CPU.Build.0 = Release|Any CPU
		{DD50E136-E40B-45BF-892C-24F3408E568F}.Debug|Any CPU.ActiveCfg = Debug|Any CPU
		{DD50E136-E40B-45BF-892C-24F3408E568F}.Debug|Any CPU.Build.0 = Debug|Any CPU
		{DD50E136-E40B-45BF-892C-24F3408E568F}.Release|Any CPU.ActiveCfg = Release|Any CPU
		{DD50E136-E40B-45BF-892C-24F3408E568F}.Release|Any CPU.Build.0 = Release|Any CPU
		{EFCA6CDC-FCE3-4DBC-92AF-8DAD1FF69C05}.Debug|Any CPU.ActiveCfg = Debug|Any CPU
		{EFCA6CDC-FCE3-4DBC-92AF-8DAD1FF69C05}.Debug|Any CPU.Build.0 = Debug|Any CPU
		{EFCA6CDC-FCE3-4DBC-92AF-8DAD1FF69C05}.Release|Any CPU.ActiveCfg = Release|Any CPU
		{EFCA6CDC-FCE3-4DBC-92AF-8DAD1FF69C05}.Release|Any CPU.Build.0 = Release|Any CPU
		{3ED868D2-CBBC-4F1B-BBEA-12C5D460BF8E}.Debug|Any CPU.ActiveCfg = Debug|Any CPU
		{3ED868D2-CBBC-4F1B-BBEA-12C5D460BF8E}.Debug|Any CPU.Build.0 = Debug|Any CPU
		{3ED868D2-CBBC-4F1B-BBEA-12C5D460BF8E}.Release|Any CPU.ActiveCfg = Release|Any CPU
		{3ED868D2-CBBC-4F1B-BBEA-12C5D460BF8E}.Release|Any CPU.Build.0 = Release|Any CPU
		{203C3756-ACDC-4A7E-81B0-837A6F674466}.Debug|Any CPU.ActiveCfg = Debug|Any CPU
		{203C3756-ACDC-4A7E-81B0-837A6F674466}.Debug|Any CPU.Build.0 = Debug|Any CPU
		{203C3756-ACDC-4A7E-81B0-837A6F674466}.Release|Any CPU.ActiveCfg = Release|Any CPU
		{203C3756-ACDC-4A7E-81B0-837A6F674466}.Release|Any CPU.Build.0 = Release|Any CPU
	EndGlobalSection
	GlobalSection(SolutionProperties) = preSolution
		HideSolutionNode = FALSE
	EndGlobalSection
	GlobalSection(NestedProjects) = preSolution
		{4184BA05-C013-4206-B4E8-A52A6FFF4C9B} = {57DE8FEE-0E06-4258-8F96-5C71B23AAB3F}
		{E28293E9-D488-402C-97F6-1371883D9D99} = {7720C2BF-3571-43BA-A23D-9263A4D04B3E}
		{6FD0BCAF-C9E2-4DF4-AFDC-7A5777DE826E} = {7720C2BF-3571-43BA-A23D-9263A4D04B3E}
		{F5197EA1-851C-4A90-A003-0554D1D9210F} = {637A23E3-9701-408B-B3D8-0CDB3189B690}
		{B76B5C2B-096F-4606-8A90-E497F01A2A90} = {637A23E3-9701-408B-B3D8-0CDB3189B690}
		{7CE0B08C-F34A-4389-9A16-349F513EC44D} = {7720C2BF-3571-43BA-A23D-9263A4D04B3E}
		{5A77289D-EF57-49DF-9679-6D79B8272F81} = {57DE8FEE-0E06-4258-8F96-5C71B23AAB3F}
		{DD50E136-E40B-45BF-892C-24F3408E568F} = {4F9E5128-10CB-44FF-A9D8-470D6738BDB6}
		{EFCA6CDC-FCE3-4DBC-92AF-8DAD1FF69C05} = {4F9E5128-10CB-44FF-A9D8-470D6738BDB6}
		{203C3756-ACDC-4A7E-81B0-837A6F674466} = {637A23E3-9701-408B-B3D8-0CDB3189B690}
	EndGlobalSection
	GlobalSection(ExtensibilityGlobals) = postSolution
		SolutionGuid = {27FF22BF-CBB5-4BEA-ACC6-8201C4DF0518}
	EndGlobalSection
EndGlobal
