
Microsoft Visual Studio Solution File, Format Version 12.00
# Visual Studio 15
VisualStudioVersion = 15.0.26403.3
MinimumVisualStudioVersion = 10.0.40219.1
Project("{2150E333-8FDC-42A3-9474-1A3956D46DE8}") = "Registration", "Registration", "{41914B09-E192-4A98-982B-4D4C9BE2667B}"
EndProject
Project("{2150E333-8FDC-42A3-9474-1A3956D46DE8}") = "SharedKernel", "SharedKernel", "{57DE8FEE-0E06-4258-8F96-5C71B23AAB3F}"
EndProject
Project("{FAE04EC0-301F-11D3-BF4B-00C04F79EFBC}") = "SABISCollaborate.Registration.Core", "SABISCollaborate.Management.Core\SABISCollaborate.Registration.Core.csproj", "{DD10342A-43FD-4DD6-BC5C-49488A5FB189}"
EndProject
Project("{FAE04EC0-301F-11D3-BF4B-00C04F79EFBC}") = "SABISCollaborate.Registration.Data", "SABISCollaborate.Management.Data\SABISCollaborate.Registration.Data.csproj", "{B4628A05-6744-4ADE-A7C6-33C3486D09E0}"
EndProject
Project("{FAE04EC0-301F-11D3-BF4B-00C04F79EFBC}") = "SABISCollaborate.SharedKernel", "SABISCollaborate.SharedKernel\SABISCollaborate.SharedKernel.csproj", "{4184BA05-C013-4206-B4E8-A52A6FFF4C9B}"
EndProject
Project("{9A19103F-16F7-4668-BE54-9A1E7A4F7556}") = "SABISCollaborate.SPA", "SABISCollaborate.SPA\SABISCollaborate.SPA.csproj", "{5ABA9018-A8C0-4945-B0BA-7DF8BBC6EBE9}"
EndProject
Project("{2150E333-8FDC-42A3-9474-1A3956D46DE8}") = "SystemManagement", "SystemManagement", "{7720C2BF-3571-43BA-A23D-9263A4D04B3E}"
EndProject
Project("{FAE04EC0-301F-11D3-BF4B-00C04F79EFBC}") = "SABISCollaborate.SystemManagement.Core", "SABISCollaborate.SystemManagement.Core\SABISCollaborate.SystemManagement.Core.csproj", "{E28293E9-D488-402C-97F6-1371883D9D99}"
EndProject
Project("{FAE04EC0-301F-11D3-BF4B-00C04F79EFBC}") = "SABISCollaborate.SystemManagement.Data", "SABISCollaborate.SystemManagement.Data\SABISCollaborate.SystemManagement.Data.csproj", "{6FD0BCAF-C9E2-4DF4-AFDC-7A5777DE826E}"
EndProject
Global
	GlobalSection(SolutionConfigurationPlatforms) = preSolution
		Debug|Any CPU = Debug|Any CPU
		Release|Any CPU = Release|Any CPU
	EndGlobalSection
	GlobalSection(ProjectConfigurationPlatforms) = postSolution
		{DD10342A-43FD-4DD6-BC5C-49488A5FB189}.Debug|Any CPU.ActiveCfg = Debug|Any CPU
		{DD10342A-43FD-4DD6-BC5C-49488A5FB189}.Debug|Any CPU.Build.0 = Debug|Any CPU
		{DD10342A-43FD-4DD6-BC5C-49488A5FB189}.Release|Any CPU.ActiveCfg = Release|Any CPU
		{DD10342A-43FD-4DD6-BC5C-49488A5FB189}.Release|Any CPU.Build.0 = Release|Any CPU
		{B4628A05-6744-4ADE-A7C6-33C3486D09E0}.Debug|Any CPU.ActiveCfg = Debug|Any CPU
		{B4628A05-6744-4ADE-A7C6-33C3486D09E0}.Debug|Any CPU.Build.0 = Debug|Any CPU
		{B4628A05-6744-4ADE-A7C6-33C3486D09E0}.Release|Any CPU.ActiveCfg = Release|Any CPU
		{B4628A05-6744-4ADE-A7C6-33C3486D09E0}.Release|Any CPU.Build.0 = Release|Any CPU
		{4184BA05-C013-4206-B4E8-A52A6FFF4C9B}.Debug|Any CPU.ActiveCfg = Debug|Any CPU
		{4184BA05-C013-4206-B4E8-A52A6FFF4C9B}.Debug|Any CPU.Build.0 = Debug|Any CPU
		{4184BA05-C013-4206-B4E8-A52A6FFF4C9B}.Release|Any CPU.ActiveCfg = Release|Any CPU
		{4184BA05-C013-4206-B4E8-A52A6FFF4C9B}.Release|Any CPU.Build.0 = Release|Any CPU
		{5ABA9018-A8C0-4945-B0BA-7DF8BBC6EBE9}.Debug|Any CPU.ActiveCfg = Debug|Any CPU
		{5ABA9018-A8C0-4945-B0BA-7DF8BBC6EBE9}.Debug|Any CPU.Build.0 = Debug|Any CPU
		{5ABA9018-A8C0-4945-B0BA-7DF8BBC6EBE9}.Release|Any CPU.ActiveCfg = Release|Any CPU
		{5ABA9018-A8C0-4945-B0BA-7DF8BBC6EBE9}.Release|Any CPU.Build.0 = Release|Any CPU
		{E28293E9-D488-402C-97F6-1371883D9D99}.Debug|Any CPU.ActiveCfg = Debug|Any CPU
		{E28293E9-D488-402C-97F6-1371883D9D99}.Debug|Any CPU.Build.0 = Debug|Any CPU
		{E28293E9-D488-402C-97F6-1371883D9D99}.Release|Any CPU.ActiveCfg = Release|Any CPU
		{E28293E9-D488-402C-97F6-1371883D9D99}.Release|Any CPU.Build.0 = Release|Any CPU
		{6FD0BCAF-C9E2-4DF4-AFDC-7A5777DE826E}.Debug|Any CPU.ActiveCfg = Debug|Any CPU
		{6FD0BCAF-C9E2-4DF4-AFDC-7A5777DE826E}.Debug|Any CPU.Build.0 = Debug|Any CPU
		{6FD0BCAF-C9E2-4DF4-AFDC-7A5777DE826E}.Release|Any CPU.ActiveCfg = Release|Any CPU
		{6FD0BCAF-C9E2-4DF4-AFDC-7A5777DE826E}.Release|Any CPU.Build.0 = Release|Any CPU
	EndGlobalSection
	GlobalSection(SolutionProperties) = preSolution
		HideSolutionNode = FALSE
	EndGlobalSection
	GlobalSection(NestedProjects) = preSolution
		{DD10342A-43FD-4DD6-BC5C-49488A5FB189} = {41914B09-E192-4A98-982B-4D4C9BE2667B}
		{B4628A05-6744-4ADE-A7C6-33C3486D09E0} = {41914B09-E192-4A98-982B-4D4C9BE2667B}
		{4184BA05-C013-4206-B4E8-A52A6FFF4C9B} = {57DE8FEE-0E06-4258-8F96-5C71B23AAB3F}
		{E28293E9-D488-402C-97F6-1371883D9D99} = {7720C2BF-3571-43BA-A23D-9263A4D04B3E}
		{6FD0BCAF-C9E2-4DF4-AFDC-7A5777DE826E} = {7720C2BF-3571-43BA-A23D-9263A4D04B3E}
	EndGlobalSection
EndGlobal
